
Microsoft Visual Studio Solution File, Format Version 12.00
# Visual Studio 2012
Project("{FAE04EC0-301F-11D3-BF4B-00C04F79EFBC}") = "FAS", "FAS\FAS.csproj", "{DD8DCECC-4A71-4D65-8D4C-E2CAD7A0BAC3}"
EndProject
Project("{FAE04EC0-301F-11D3-BF4B-00C04F79EFBC}") = "FASSETests", "FASSETests\FASSETests.csproj", "{65AF4EDF-58E1-4C43-A97C-3C42F1B721ED}"
EndProject
Global
	GlobalSection(SolutionConfigurationPlatforms) = preSolution
		Debug|Any CPU = Debug|Any CPU
		Debug|x64 = Debug|x64
		Release|Any CPU = Release|Any CPU
		Release|x64 = Release|x64
	EndGlobalSection
	GlobalSection(ProjectConfigurationPlatforms) = postSolution
		{DD8DCECC-4A71-4D65-8D4C-E2CAD7A0BAC3}.Debug|Any CPU.ActiveCfg = Debug|Any CPU
		{DD8DCECC-4A71-4D65-8D4C-E2CAD7A0BAC3}.Debug|Any CPU.Build.0 = Debug|Any CPU
		{DD8DCECC-4A71-4D65-8D4C-E2CAD7A0BAC3}.Debug|x64.ActiveCfg = Debug|x64
		{DD8DCECC-4A71-4D65-8D4C-E2CAD7A0BAC3}.Debug|x64.Build.0 = Debug|x64
		{DD8DCECC-4A71-4D65-8D4C-E2CAD7A0BAC3}.Release|Any CPU.ActiveCfg = Release|Any CPU
		{DD8DCECC-4A71-4D65-8D4C-E2CAD7A0BAC3}.Release|Any CPU.Build.0 = Release|Any CPU
		{DD8DCECC-4A71-4D65-8D4C-E2CAD7A0BAC3}.Release|x64.ActiveCfg = Release|x64
		{DD8DCECC-4A71-4D65-8D4C-E2CAD7A0BAC3}.Release|x64.Build.0 = Release|x64
		{65AF4EDF-58E1-4C43-A97C-3C42F1B721ED}.Debug|Any CPU.ActiveCfg = Debug|Any CPU
		{65AF4EDF-58E1-4C43-A97C-3C42F1B721ED}.Debug|Any CPU.Build.0 = Debug|Any CPU
		{65AF4EDF-58E1-4C43-A97C-3C42F1B721ED}.Debug|x64.ActiveCfg = Debug|Any CPU
		{65AF4EDF-58E1-4C43-A97C-3C42F1B721ED}.Release|Any CPU.ActiveCfg = Release|Any CPU
		{65AF4EDF-58E1-4C43-A97C-3C42F1B721ED}.Release|Any CPU.Build.0 = Release|Any CPU
		{65AF4EDF-58E1-4C43-A97C-3C42F1B721ED}.Release|x64.ActiveCfg = Release|Any CPU
	EndGlobalSection
	GlobalSection(SolutionProperties) = preSolution
		HideSolutionNode = FALSE
	EndGlobalSection
EndGlobal
